<?xml version="1.0" encoding="utf-8"?>
<Project ToolsVersion="4.0" xmlns="http://schemas.microsoft.com/developer/msbuild/2003">
  <ItemGroup>
    <Filter Include="Файлы исходного кода">
      <UniqueIdentifier>{4FC737F1-C7A5-4376-A066-2A32D752A2FF}</UniqueIdentifier>
      <Extensions>cpp;c;cc;cxx;def;odl;idl;hpj;bat;asm;asmx</Extensions>
    </Filter>
    <Filter Include="Заголовочные файлы">
      <UniqueIdentifier>{93995380-89BD-4b04-88EB-625FBE52EBFB}</UniqueIdentifier>
      <Extensions>h;hpp;hxx;hm;inl;inc;xsd</Extensions>
    </Filter>
    <Filter Include="Файлы ресурсов">
      <UniqueIdentifier>{67DA6AB6-F800-4c08-8B7A-83BB121AAD01}</UniqueIdentifier>
      <Extensions>rc;ico;cur;bmp;dlg;rc2;rct;bin;rgs;gif;jpg;jpeg;jpe;resx;tiff;tif;png;wav;mfcribbon-ms</Extensions>
    </Filter>
    <Filter Include="lua">
      <UniqueIdentifier>{92fe988e-bec3-412f-a518-ccecb06bbe74}</UniqueIdentifier>
    </Filter>
    <Filter Include="lua\lib">
      <UniqueIdentifier>{eb0cbb39-3151-415e-af4e-acbd54aa93a7}</UniqueIdentifier>
    </Filter>
    <Filter Include="sdk">
      <UniqueIdentifier>{c0fcb113-4e1e-4b35-a3f4-428f3f96b8b0}</UniqueIdentifier>
    </Filter>
    <Filter Include="interface">
      <UniqueIdentifier>{9cd203b9-2b96-436d-b3a3-2752ebe9c5ef}</UniqueIdentifier>
    </Filter>
    <Filter Include="lualib">
      <UniqueIdentifier>{d77027e6-f3e9-4b27-92b0-850e1670c5e3}</UniqueIdentifier>
    </Filter>
  </ItemGroup>
  <ItemGroup>
    <ClCompile Include="sigscan.cpp">
      <Filter>sdk</Filter>
    </ClCompile>
    <ClCompile Include="plugin.cpp">
      <Filter>Файлы исходного кода</Filter>
    </ClCompile>
    <ClCompile Include="svar.cpp">
      <Filter>Файлы исходного кода</Filter>
    </ClCompile>
    <ClCompile Include="console.cpp">
      <Filter>interface</Filter>
    </ClCompile>
    <ClCompile Include="luafile.cpp">
      <Filter>Файлы исходного кода</Filter>
    </ClCompile>
    <ClCompile Include="baselib.cpp">
      <Filter>lualib</Filter>
    </ClCompile>
    <ClCompile Include="..\..\src\lib\lauxlib.cpp">
      <Filter>lua\lib</Filter>
    </ClCompile>
    <ClCompile Include="..\..\src\lapi.cpp">
      <Filter>lua</Filter>
    </ClCompile>
    <ClCompile Include="..\..\src\lcode.cpp">
      <Filter>lua</Filter>
    </ClCompile>
    <ClCompile Include="..\..\src\ldebug.cpp">
      <Filter>lua</Filter>
    </ClCompile>
    <ClCompile Include="..\..\src\ldo.cpp">
      <Filter>lua</Filter>
    </ClCompile>
    <ClCompile Include="..\..\src\ldump.cpp">
      <Filter>lua</Filter>
    </ClCompile>
    <ClCompile Include="..\..\src\lfunc.cpp">
      <Filter>lua</Filter>
    </ClCompile>
    <ClCompile Include="..\..\src\lgc.cpp">
      <Filter>lua</Filter>
    </ClCompile>
    <ClCompile Include="..\..\src\llex.cpp">
      <Filter>lua</Filter>
    </ClCompile>
    <ClCompile Include="..\..\src\lmem.cpp">
      <Filter>lua</Filter>
    </ClCompile>
    <ClCompile Include="..\..\src\lobject.cpp">
      <Filter>lua</Filter>
    </ClCompile>
    <ClCompile Include="..\..\src\lopcodes.cpp">
      <Filter>lua</Filter>
    </ClCompile>
    <ClCompile Include="..\..\src\lparser.cpp">
      <Filter>lua</Filter>
    </ClCompile>
    <ClCompile Include="..\..\src\lstate.cpp">
      <Filter>lua</Filter>
    </ClCompile>
    <ClCompile Include="..\..\src\lstring.cpp">
      <Filter>lua</Filter>
    </ClCompile>
    <ClCompile Include="..\..\src\ltable.cpp">
      <Filter>lua</Filter>
    </ClCompile>
    <ClCompile Include="..\..\src\ltests.cpp">
      <Filter>lua</Filter>
    </ClCompile>
    <ClCompile Include="..\..\src\ltm.cpp">
      <Filter>lua</Filter>
    </ClCompile>
    <ClCompile Include="..\..\src\lundump.cpp">
      <Filter>lua</Filter>
    </ClCompile>
    <ClCompile Include="..\..\src\lvm.cpp">
      <Filter>lua</Filter>
    </ClCompile>
    <ClCompile Include="..\..\src\lzio.cpp">
      <Filter>lua</Filter>
    </ClCompile>
    <ClCompile Include="lzmalib.cpp">
      <Filter>lualib</Filter>
    </ClCompile>
    <ClCompile Include="mainlib.cpp">
      <Filter>lualib</Filter>
    </ClCompile>
    <ClCompile Include="luapointer.cpp">
      <Filter>lualib</Filter>
    </ClCompile>
    <ClCompile Include="cvarlib.cpp">
      <Filter>lualib</Filter>
    </ClCompile>
    <ClCompile Include="types.cpp">
      <Filter>lualib</Filter>
    </ClCompile>
    <ClCompile Include="chook.cpp">
      <Filter>sdk</Filter>
    </ClCompile>
    <ClCompile Include="keyvalues.cpp">
      <Filter>lualib</Filter>
    </ClCompile>
    <ClCompile Include="bitlib.cpp">
      <Filter>lualib</Filter>
    </ClCompile>
  </ItemGroup>
  <ItemGroup>
    <ClInclude Include="..\..\src\lapi.h">
      <Filter>lua</Filter>
    </ClInclude>
    <ClInclude Include="..\..\src\lcode.h">
      <Filter>lua</Filter>
    </ClInclude>
    <ClInclude Include="..\..\src\ldebug.h">
      <Filter>lua</Filter>
    </ClInclude>
    <ClInclude Include="..\..\src\ldo.h">
      <Filter>lua</Filter>
    </ClInclude>
    <ClInclude Include="..\..\src\lfunc.h">
      <Filter>lua</Filter>
    </ClInclude>
    <ClInclude Include="..\..\src\lgc.h">
      <Filter>lua</Filter>
    </ClInclude>
    <ClInclude Include="..\..\src\llex.h">
      <Filter>lua</Filter>
    </ClInclude>
    <ClInclude Include="..\..\src\lmem.h">
      <Filter>lua</Filter>
    </ClInclude>
    <ClInclude Include="..\..\src\lobject.h">
      <Filter>lua</Filter>
    </ClInclude>
    <ClInclude Include="..\..\src\lopcodes.h">
      <Filter>lua</Filter>
    </ClInclude>
    <ClInclude Include="..\..\src\lparser.h">
      <Filter>lua</Filter>
    </ClInclude>
    <ClInclude Include="..\..\src\lstate.h">
      <Filter>lua</Filter>
    </ClInclude>
    <ClInclude Include="..\..\src\lstring.h">
      <Filter>lua</Filter>
    </ClInclude>
    <ClInclude Include="..\..\src\ltable.h">
      <Filter>lua</Filter>
    </ClInclude>
    <ClInclude Include="..\..\src\ltm.h">
      <Filter>lua</Filter>
    </ClInclude>
    <ClInclude Include="..\..\src\lundump.h">
      <Filter>lua</Filter>
    </ClInclude>
    <ClInclude Include="..\..\src\lvm.h">
      <Filter>lua</Filter>
    </ClInclude>
    <ClInclude Include="..\..\src\lzio.h">
      <Filter>lua</Filter>
    </ClInclude>
    <ClInclude Include="sigscan.h">
      <Filter>sdk</Filter>
    </ClInclude>
    <ClInclude Include="plugin.h">
      <Filter>Заголовочные файлы</Filter>
    </ClInclude>
    <ClInclude Include="glua.h">
      <Filter>Заголовочные файлы</Filter>
    </ClInclude>
    <ClInclude Include="svar.h">
      <Filter>Заголовочные файлы</Filter>
    </ClInclude>
    <ClInclude Include="luafile.h">
      <Filter>Заголовочные файлы</Filter>
    </ClInclude>
    <ClInclude Include="baselib.h">
      <Filter>lualib</Filter>
    </ClInclude>
    <ClInclude Include="types.h">
      <Filter>lualib</Filter>
    </ClInclude>
    <ClInclude Include="luapointer.h">
      <Filter>lualib</Filter>
    </ClInclude>
    <ClInclude Include="cvarlib.h">
      <Filter>lualib</Filter>
    </ClInclude>
    <ClInclude Include="chook.h">
      <Filter>sdk</Filter>
    </ClInclude>
  </ItemGroup>
</Project>